schema: '2.0'
stages:
  process_data:
    cmd: python src/process_data.py
    deps:
    - path: data/raw
      md5: 10c3f643286f509fa7f6b4675d9efbad.dir
      size: 222379
      nfiles: 1
    - path: src/main.py
      md5: d6c9ce851678c464f0f8bbb3624340ea
      size: 223
    - path: src/process_data.py
      md5: 226c85778c491537192725b557f070cf
      size: 2763
    params:
      config/process/process_1.yaml:
        family_size:
          Married: 2
          Together: 2
          Absurd: 1
          Widow: 1
          YOLO: 1
          Divorced: 1
          Single: 1
          Alone: 1
        keep_columns:
        - Income
        - Recency
        - NumWebVisitsMonth
        - AcceptedCmp3
        - AcceptedCmp4
        - AcceptedCmp5
        - AcceptedCmp1
        - AcceptedCmp2
        - Complain
        - Response
        - age
        - total_purchases
        - enrollment_years
        - family_size
        name: process_1
        remove_outliers_threshold:
          age: 85
          Income: 600000
    outs:
    - path: data/intermediate
      md5: 9503e800e9c4e01a93c29eafc53f63c4.dir
      size: 621318
      nfiles: 1
  train:
    cmd: python src/segment.py
    deps:
    - path: data/intermediate
      md5: 9503e800e9c4e01a93c29eafc53f63c4.dir
      size: 621318
      nfiles: 1
    - path: src/main.py
      md5: d6c9ce851678c464f0f8bbb3624340ea
      size: 223
    - path: src/segment.py
      md5: b46e8294e87e4f072cbc52d4b65ed142
      size: 3266
    params:
      config/main.yaml:
        defaults:
        - process: process_1
        - _self_
        final:
          dir: data/final
          name: segmented.csv
          path: ${final.dir}/${final.name}
        flow: all
        hydra:
          output_subdir:
          run:
            dir: .
        image:
          kmeans: image/elbow.png
          clusters: image/cluster.png
        intermediate:
          dir: data/intermediate
          name: scale_features.csv
          path: ${intermediate.dir}/${intermediate.name}
        model:
          path: model/cluster1.pkl
        raw_data:
          path: data/raw/marketing_campaign.csv
    outs:
    - path: data/final
      md5: 832d6201268e07389613763f4b953ac6.dir
      size: 609138
      nfiles: 1
    - path: image
      md5: d98fa6b016a272e35937a9c2e21e9925.dir
      size: 186578
      nfiles: 2
    - path: model/cluster.pkl
      md5: 8340026b67c7c5f572cdf5ce16fc40ac
      size: 9703
