schema: '2.0'
stages:
  process_data:
    cmd: python src/process_data.py
    deps:
    - path: config/main.yaml
      md5: e76370cde94a18e9f25a7940efdff7c0
      size: 460
    - path: data/raw
      md5: 10c3f643286f509fa7f6b4675d9efbad.dir
      size: 222379
      nfiles: 1
    - path: src/main.py
      md5: d2c45f38b325f9113edbfc609bdbbf17
      size: 153
    - path: src/process_data.py
      md5: ef45c9cec0055cf2991f020aedc58457
      size: 2527
    outs:
    - path: data/intermediate
      md5: 9503e800e9c4e01a93c29eafc53f63c4.dir
      size: 621318
      nfiles: 1
  segment:
    cmd: python src/segment.py
    deps:
    - path: config/main.yaml
      md5: e76370cde94a18e9f25a7940efdff7c0
      size: 460
    - path: data/intermediate
      md5: 9503e800e9c4e01a93c29eafc53f63c4.dir
      size: 621318
      nfiles: 1
    - path: src/main.py
      md5: d2c45f38b325f9113edbfc609bdbbf17
      size: 153
    - path: src/segment.py
      md5: 96137e35b4f05a9776d8b9ef5b49ca35
      size: 2832
    outs:
    - path: data/final
      md5: 56329aaaaf0f2d15290dc7b99a4bdbd1.dir
      size: 609138
      nfiles: 1
    - path: image
      md5: cd444dfc4868eb2411ea457644bb654e.dir
      size: 188616
      nfiles: 2
    - path: model/cluster.pkl
      md5: 034e8e5d3afc7b0b1a136a6a18d50d31
      size: 9703
  analyze:
    cmd: python src/run_notebook.py
    deps:
    - path: data/final
      md5: e68e82c30e594d73badadf51772c878e.dir
      size: 609138
      nfiles: 1
    - path: notebook/analyze_data.ipynb
      md5: 767ba9b856f89d6ca6602158f71624ed
      size: 63124
