schema: '2.0'
stages:
  process_data:
    cmd: python src/process_data.py
    deps:
    - path: data/raw
      md5: 10c3f643286f509fa7f6b4675d9efbad.dir
      size: 222379
      nfiles: 1
    - path: src/main.py
      md5: d6c9ce851678c464f0f8bbb3624340ea
      size: 223
    - path: src/process_data.py
      md5: fad2fed46e7940d5ad82044f075f921b
      size: 3533
    params:
      config/process/process_1.yaml:
        family_size:
          Married: 2
          Together: 2
          Absurd: 1
          Widow: 1
          YOLO: 1
          Divorced: 1
          Single: 1
          Alone: 1
        keep_columns:
        - Income
        - Recency
        - NumWebVisitsMonth
        - AcceptedCmp3
        - AcceptedCmp4
        - AcceptedCmp5
        - AcceptedCmp1
        - AcceptedCmp2
        - Complain
        - Response
        - age
        - total_purchases
        - enrollment_years
        - family_size
        name: process_1
        remove_outliers_threshold:
          age: 90
          Income: 610000
    outs:
    - path: data/intermediate
      md5: 9503e800e9c4e01a93c29eafc53f63c4.dir
      size: 621318
      nfiles: 1
  segment:
    cmd: python src/segment.py
    deps:
    - path: config/main.yaml
      md5: ac9cbee475ca1646e47aef5f52a517c7
      size: 550
    - path: data/intermediate
      md5: 9503e800e9c4e01a93c29eafc53f63c4.dir
      size: 621318
      nfiles: 1
    - path: src/main.py
      md5: d6c9ce851678c464f0f8bbb3624340ea
      size: 223
    - path: src/segment.py
      md5: b46e8294e87e4f072cbc52d4b65ed142
      size: 3266
    outs:
    - path: data/final
      md5: dadcdffb0e0419268d0e1500dd490f5a.dir
      size: 609138
      nfiles: 1
    - path: image
      md5: 3399c65778c503a269cc2c5651056bc1.dir
      size: 189505
      nfiles: 2
    - path: model/cluster.pkl
      md5: 9115bd12afd013cab33f238decf08249
      size: 9703
  analyze:
    cmd: python src/run_notebook.py
    deps:
    - path: data/final
      md5: e68e82c30e594d73badadf51772c878e.dir
      size: 609138
      nfiles: 1
    - path: notebook/analyze_data.ipynb
      md5: 767ba9b856f89d6ca6602158f71624ed
      size: 63124
